Microsoft Visual Studio Solution File, Format Version 9.00
# Visual Studio 2005
Project("{8BC9CEB8-8B4A-11D0-8D11-00A0C91BC942}") = "WinDjView", "WinDjView.vcproj", "{0352355C-CC2D-4190-8BF8-F280F7382B8C}"
	ProjectSection(ProjectDependencies) = postProject
		{CDF44B0E-D5B9-4B74-9005-D6EA19420B83} = {CDF44B0E-D5B9-4B74-9005-D6EA19420B83}
		{1DD07ECA-099C-49C4-9E1C-33C6DE1D8FE0} = {1DD07ECA-099C-49C4-9E1C-33C6DE1D8FE0}
		{ECF00175-3826-4B35-9C4B-560277505CE5} = {ECF00175-3826-4B35-9C4B-560277505CE5}
		{BA75E1E4-9272-481B-AF04-712FA08F9942} = {BA75E1E4-9272-481B-AF04-712FA08F9942}
		{11C256BD-3CA8-4DE4-9F93-46B02D628E21} = {11C256BD-3CA8-4DE4-9F93-46B02D628E21}
		{CB04C5F9-BCE5-40B8-8CA5-35CA2F6690CA} = {CB04C5F9-BCE5-40B8-8CA5-35CA2F6690CA}
		{91141F17-EE60-45FE-B106-C458C00A9945} = {91141F17-EE60-45FE-B106-C458C00A9945}
	EndProjectSection
EndProject
Project("{8BC9CEB8-8B4A-11D0-8D11-00A0C91BC942}") = "WinDjViewFR", "Languages\French\WinDjViewFR.vcproj", "{ECF00175-3826-4B35-9C4B-560277505CE5}"
EndProject
Project("{8BC9CEB8-8B4A-11D0-8D11-00A0C91BC942}") = "WinDjViewHU", "Languages\Hungarian\WinDjViewHU.vcproj", "{91141F17-EE60-45FE-B106-C458C00A9945}"
EndProject
Project("{8BC9CEB8-8B4A-11D0-8D11-00A0C91BC942}") = "WinDjViewPT", "Languages\Portuguese\WinDjViewPT.vcproj", "{CDF44B0E-D5B9-4B74-9005-D6EA19420B83}"
EndProject
Project("{8BC9CEB8-8B4A-11D0-8D11-00A0C91BC942}") = "WinDjViewRU", "Languages\Russian\WinDjViewRU.vcproj", "{1DD07ECA-099C-49C4-9E1C-33C6DE1D8FE0}"
EndProject
Project("{8BC9CEB8-8B4A-11D0-8D11-00A0C91BC942}") = "WinDjViewTT", "Languages\Tatarish\WinDjViewTT.vcproj", "{CB04C5F9-BCE5-40B8-8CA5-35CA2F6690CA}"
EndProject
Project("{8BC9CEB8-8B4A-11D0-8D11-00A0C91BC942}") = "WinDjViewUA", "Languages\Ukranian\WinDjViewUA.vcproj", "{BA75E1E4-9272-481B-AF04-712FA08F9942}"
EndProject
Project("{8BC9CEB8-8B4A-11D0-8D11-00A0C91BC942}") = "WinDjViewZH_CN", "Languages\Chinese_Simplified\WinDjViewZH_CN.vcproj", "{11C256BD-3CA8-4DE4-9F93-46B02D628E21}"
EndProject
Global
	GlobalSection(SolutionConfigurationPlatforms) = preSolution
		Debug Unicode|Win32 = Debug Unicode|Win32
		Debug|Win32 = Debug|Win32
		Release Unicode|Win32 = Release Unicode|Win32
		Release|Win32 = Release|Win32
	EndGlobalSection
	GlobalSection(ProjectConfigurationPlatforms) = postSolution
		{0352355C-CC2D-4190-8BF8-F280F7382B8C}.Debug Unicode|Win32.ActiveCfg = Debug Unicode|Win32
		{0352355C-CC2D-4190-8BF8-F280F7382B8C}.Debug Unicode|Win32.Build.0 = Debug Unicode|Win32
		{0352355C-CC2D-4190-8BF8-F280F7382B8C}.Debug|Win32.ActiveCfg = Debug|Win32
		{0352355C-CC2D-4190-8BF8-F280F7382B8C}.Debug|Win32.Build.0 = Debug|Win32
		{0352355C-CC2D-4190-8BF8-F280F7382B8C}.Release Unicode|Win32.ActiveCfg = Release Unicode|Win32
		{0352355C-CC2D-4190-8BF8-F280F7382B8C}.Release Unicode|Win32.Build.0 = Release Unicode|Win32
		{0352355C-CC2D-4190-8BF8-F280F7382B8C}.Release|Win32.ActiveCfg = Release|Win32
		{0352355C-CC2D-4190-8BF8-F280F7382B8C}.Release|Win32.Build.0 = Release|Win32
		{ECF00175-3826-4B35-9C4B-560277505CE5}.Debug Unicode|Win32.ActiveCfg = Release|Win32
		{ECF00175-3826-4B35-9C4B-560277505CE5}.Debug Unicode|Win32.Build.0 = Release|Win32
		{ECF00175-3826-4B35-9C4B-560277505CE5}.Debug|Win32.ActiveCfg = Release|Win32
		{ECF00175-3826-4B35-9C4B-560277505CE5}.Debug|Win32.Build.0 = Release|Win32
		{ECF00175-3826-4B35-9C4B-560277505CE5}.Release Unicode|Win32.ActiveCfg = Release|Win32
		{ECF00175-3826-4B35-9C4B-560277505CE5}.Release Unicode|Win32.Build.0 = Release|Win32
		{ECF00175-3826-4B35-9C4B-560277505CE5}.Release|Win32.ActiveCfg = Release|Win32
		{ECF00175-3826-4B35-9C4B-560277505CE5}.Release|Win32.Build.0 = Release|Win32
		{91141F17-EE60-45FE-B106-C458C00A9945}.Debug Unicode|Win32.ActiveCfg = Release|Win32
		{91141F17-EE60-45FE-B106-C458C00A9945}.Debug Unicode|Win32.Build.0 = Release|Win32
		{91141F17-EE60-45FE-B106-C458C00A9945}.Debug|Win32.ActiveCfg = Release|Win32
		{91141F17-EE60-45FE-B106-C458C00A9945}.Debug|Win32.Build.0 = Release|Win32
		{91141F17-EE60-45FE-B106-C458C00A9945}.Release Unicode|Win32.ActiveCfg = Release|Win32
		{91141F17-EE60-45FE-B106-C458C00A9945}.Release Unicode|Win32.Build.0 = Release|Win32
		{91141F17-EE60-45FE-B106-C458C00A9945}.Release|Win32.ActiveCfg = Release|Win32
		{91141F17-EE60-45FE-B106-C458C00A9945}.Release|Win32.Build.0 = Release|Win32
		{CDF44B0E-D5B9-4B74-9005-D6EA19420B83}.Debug Unicode|Win32.ActiveCfg = Release|Win32
		{CDF44B0E-D5B9-4B74-9005-D6EA19420B83}.Debug Unicode|Win32.Build.0 = Release|Win32
		{CDF44B0E-D5B9-4B74-9005-D6EA19420B83}.Debug|Win32.ActiveCfg = Release|Win32
		{CDF44B0E-D5B9-4B74-9005-D6EA19420B83}.Debug|Win32.Build.0 = Release|Win32
		{CDF44B0E-D5B9-4B74-9005-D6EA19420B83}.Release Unicode|Win32.ActiveCfg = Release|Win32
		{CDF44B0E-D5B9-4B74-9005-D6EA19420B83}.Release Unicode|Win32.Build.0 = Release|Win32
		{CDF44B0E-D5B9-4B74-9005-D6EA19420B83}.Release|Win32.ActiveCfg = Release|Win32
		{CDF44B0E-D5B9-4B74-9005-D6EA19420B83}.Release|Win32.Build.0 = Release|Win32
		{1DD07ECA-099C-49C4-9E1C-33C6DE1D8FE0}.Debug Unicode|Win32.ActiveCfg = Release|Win32
		{1DD07ECA-099C-49C4-9E1C-33C6DE1D8FE0}.Debug Unicode|Win32.Build.0 = Release|Win32
		{1DD07ECA-099C-49C4-9E1C-33C6DE1D8FE0}.Debug|Win32.ActiveCfg = Release|Win32
		{1DD07ECA-099C-49C4-9E1C-33C6DE1D8FE0}.Debug|Win32.Build.0 = Release|Win32
		{1DD07ECA-099C-49C4-9E1C-33C6DE1D8FE0}.Release Unicode|Win32.ActiveCfg = Release|Win32
		{1DD07ECA-099C-49C4-9E1C-33C6DE1D8FE0}.Release Unicode|Win32.Build.0 = Release|Win32
		{1DD07ECA-099C-49C4-9E1C-33C6DE1D8FE0}.Release|Win32.ActiveCfg = Release|Win32
		{1DD07ECA-099C-49C4-9E1C-33C6DE1D8FE0}.Release|Win32.Build.0 = Release|Win32
		{CB04C5F9-BCE5-40B8-8CA5-35CA2F6690CA}.Debug Unicode|Win32.ActiveCfg = Release|Win32
		{CB04C5F9-BCE5-40B8-8CA5-35CA2F6690CA}.Debug Unicode|Win32.Build.0 = Release|Win32
		{CB04C5F9-BCE5-40B8-8CA5-35CA2F6690CA}.Debug|Win32.ActiveCfg = Release|Win32
		{CB04C5F9-BCE5-40B8-8CA5-35CA2F6690CA}.Debug|Win32.Build.0 = Release|Win32
		{CB04C5F9-BCE5-40B8-8CA5-35CA2F6690CA}.Release Unicode|Win32.ActiveCfg = Release|Win32
		{CB04C5F9-BCE5-40B8-8CA5-35CA2F6690CA}.Release Unicode|Win32.Build.0 = Release|Win32
		{CB04C5F9-BCE5-40B8-8CA5-35CA2F6690CA}.Release|Win32.ActiveCfg = Release|Win32
		{CB04C5F9-BCE5-40B8-8CA5-35CA2F6690CA}.Release|Win32.Build.0 = Release|Win32
		{BA75E1E4-9272-481B-AF04-712FA08F9942}.Debug Unicode|Win32.ActiveCfg = Release|Win32
		{BA75E1E4-9272-481B-AF04-712FA08F9942}.Debug Unicode|Win32.Build.0 = Release|Win32
		{BA75E1E4-9272-481B-AF04-712FA08F9942}.Debug|Win32.ActiveCfg = Release|Win32
		{BA75E1E4-9272-481B-AF04-712FA08F9942}.Debug|Win32.Build.0 = Release|Win32
		{BA75E1E4-9272-481B-AF04-712FA08F9942}.Release Unicode|Win32.ActiveCfg = Release|Win32
		{BA75E1E4-9272-481B-AF04-712FA08F9942}.Release Unicode|Win32.Build.0 = Release|Win32
		{BA75E1E4-9272-481B-AF04-712FA08F9942}.Release|Win32.ActiveCfg = Release|Win32
		{BA75E1E4-9272-481B-AF04-712FA08F9942}.Release|Win32.Build.0 = Release|Win32
		{11C256BD-3CA8-4DE4-9F93-46B02D628E21}.Debug Unicode|Win32.ActiveCfg = Release|Win32
		{11C256BD-3CA8-4DE4-9F93-46B02D628E21}.Debug Unicode|Win32.Build.0 = Release|Win32
		{11C256BD-3CA8-4DE4-9F93-46B02D628E21}.Debug|Win32.ActiveCfg = Release|Win32
		{11C256BD-3CA8-4DE4-9F93-46B02D628E21}.Debug|Win32.Build.0 = Release|Win32
		{11C256BD-3CA8-4DE4-9F93-46B02D628E21}.Release Unicode|Win32.ActiveCfg = Release|Win32
		{11C256BD-3CA8-4DE4-9F93-46B02D628E21}.Release Unicode|Win32.Build.0 = Release|Win32
		{11C256BD-3CA8-4DE4-9F93-46B02D628E21}.Release|Win32.ActiveCfg = Release|Win32
		{11C256BD-3CA8-4DE4-9F93-46B02D628E21}.Release|Win32.Build.0 = Release|Win32
	EndGlobalSection
	GlobalSection(SolutionProperties) = preSolution
		HideSolutionNode = FALSE
	EndGlobalSection
EndGlobal
