<?xml version="1.0" encoding="utf-8"?>
<Project ToolsVersion="4.0" xmlns="http://schemas.microsoft.com/developer/msbuild/2003">
  <ItemGroup>
    <Filter Include="Source Files">
      <UniqueIdentifier>{94132eca-47d6-4151-8245-996b9c78c73c}</UniqueIdentifier>
      <Extensions>cpp;c;cxx;rc;def;r;odl;idl;hpj;bat</Extensions>
    </Filter>
    <Filter Include="Header Files">
      <UniqueIdentifier>{9e731c98-ab71-4e21-a4e4-ea390d5cc3b7}</UniqueIdentifier>
      <Extensions>h;hpp;hxx;hm;inl</Extensions>
    </Filter>
    <Filter Include="Resource Files">
      <UniqueIdentifier>{70c70bc1-fea0-4e9d-965e-1699e90963fe}</UniqueIdentifier>
      <Extensions>ico;cur;bmp;dlg;rc2;rct;bin;rgs;gif;jpg;jpeg;jpe</Extensions>
    </Filter>
  </ItemGroup>
  <ItemGroup>
    <ClCompile Include="AnnotationDlg.cpp">
      <Filter>Source Files</Filter>
    </ClCompile>
    <ClCompile Include="AppSettings.cpp">
      <Filter>Source Files</Filter>
    </ClCompile>
    <ClCompile Include="BookmarkDlg.cpp">
      <Filter>Source Files</Filter>
    </ClCompile>
    <ClCompile Include="BookmarksView.cpp">
      <Filter>Source Files</Filter>
    </ClCompile>
    <ClCompile Include="DjVuDoc.cpp">
      <Filter>Source Files</Filter>
    </ClCompile>
    <ClCompile Include="DjVuSource.cpp">
      <Filter>Source Files</Filter>
    </ClCompile>
    <ClCompile Include="DjVuView.cpp">
      <Filter>Source Files</Filter>
    </ClCompile>
    <ClCompile Include="DocPropertiesDlg.cpp">
      <Filter>Source Files</Filter>
    </ClCompile>
    <ClCompile Include="Drawing.cpp">
      <Filter>Source Files</Filter>
    </ClCompile>
    <ClCompile Include="FindDlg.cpp">
      <Filter>Source Files</Filter>
    </ClCompile>
    <ClCompile Include="FullscreenWnd.cpp">
      <Filter>Source Files</Filter>
    </ClCompile>
    <ClCompile Include="Global.cpp">
      <Filter>Source Files</Filter>
    </ClCompile>
    <ClCompile Include="GotoPageDlg.cpp">
      <Filter>Source Files</Filter>
    </ClCompile>
    <ClCompile Include="InstallDicDlg.cpp">
      <Filter>Source Files</Filter>
    </ClCompile>
    <ClCompile Include="MagnifyWnd.cpp">
      <Filter>Source Files</Filter>
    </ClCompile>
    <ClCompile Include="MainFrm.cpp">
      <Filter>Source Files</Filter>
    </ClCompile>
    <ClCompile Include="MDIChild.cpp">
      <Filter>Source Files</Filter>
    </ClCompile>
    <ClCompile Include="MyBitmapButton.cpp">
      <Filter>Source Files</Filter>
    </ClCompile>
    <ClCompile Include="MyColorPicker.cpp">
      <Filter>Source Files</Filter>
    </ClCompile>
    <ClCompile Include="MyComboBox.cpp">
      <Filter>Source Files</Filter>
    </ClCompile>
    <ClCompile Include="MyDialog.cpp">
      <Filter>Source Files</Filter>
    </ClCompile>
    <ClCompile Include="MyDocManager.cpp">
      <Filter>Source Files</Filter>
    </ClCompile>
    <ClCompile Include="MyDocTemplate.cpp">
      <Filter>Source Files</Filter>
    </ClCompile>
    <ClCompile Include="MyEdit.cpp">
      <Filter>Source Files</Filter>
    </ClCompile>
    <ClCompile Include="MyFileDialog.cpp">
      <Filter>Source Files</Filter>
    </ClCompile>
    <ClCompile Include="MyGdiPlus.cpp">
      <Filter>Source Files</Filter>
    </ClCompile>
    <ClCompile Include="MyScrollView.cpp">
      <Filter>Source Files</Filter>
    </ClCompile>
    <ClCompile Include="MyStatusBar.cpp">
      <Filter>Source Files</Filter>
    </ClCompile>
    <ClCompile Include="MyTheme.cpp">
      <Filter>Source Files</Filter>
    </ClCompile>
    <ClCompile Include="MyToolBar.cpp">
      <Filter>Source Files</Filter>
    </ClCompile>
    <ClCompile Include="MyTreeView.cpp">
      <Filter>Source Files</Filter>
    </ClCompile>
    <ClCompile Include="NavPane.cpp">
      <Filter>Source Files</Filter>
    </ClCompile>
    <ClCompile Include="PageIndexWnd.cpp">
      <Filter>Source Files</Filter>
    </ClCompile>
    <ClCompile Include="PrintDlg.cpp">
      <Filter>Source Files</Filter>
    </ClCompile>
    <ClCompile Include="ProgressDlg.cpp">
      <Filter>Source Files</Filter>
    </ClCompile>
    <ClCompile Include="RenderThread.cpp">
      <Filter>Source Files</Filter>
    </ClCompile>
    <ClCompile Include="Scaling.cpp">
      <Filter>Source Files</Filter>
    </ClCompile>
    <ClCompile Include="SearchResultsView.cpp">
      <Filter>Source Files</Filter>
    </ClCompile>
    <ClCompile Include="SettingsAdvancedPage.cpp">
      <Filter>Source Files</Filter>
    </ClCompile>
    <ClCompile Include="SettingsDictPage.cpp">
      <Filter>Source Files</Filter>
    </ClCompile>
    <ClCompile Include="SettingsDisplayPage.cpp">
      <Filter>Source Files</Filter>
    </ClCompile>
    <ClCompile Include="SettingsDlg.cpp">
      <Filter>Source Files</Filter>
    </ClCompile>
    <ClCompile Include="SettingsGeneralPage.cpp">
      <Filter>Source Files</Filter>
    </ClCompile>
    <ClCompile Include="stdafx.cpp">
      <Filter>Source Files</Filter>
    </ClCompile>
    <ClCompile Include="TabbedMDIWnd.cpp">
      <Filter>Source Files</Filter>
    </ClCompile>
    <ClCompile Include="ThumbnailsThread.cpp">
      <Filter>Source Files</Filter>
    </ClCompile>
    <ClCompile Include="ThumbnailsView.cpp">
      <Filter>Source Files</Filter>
    </ClCompile>
    <ClCompile Include="UpdateDlg.cpp">
      <Filter>Source Files</Filter>
    </ClCompile>
    <ClCompile Include="WinDjView.cpp">
      <Filter>Source Files</Filter>
    </ClCompile>
    <ClCompile Include="XMLParser.cpp">
      <Filter>Source Files</Filter>
    </ClCompile>
    <ClCompile Include="ZoomDlg.cpp">
      <Filter>Source Files</Filter>
    </ClCompile>
  </ItemGroup>
  <ItemGroup>
    <ClInclude Include="AnnotationDlg.h">
      <Filter>Header Files</Filter>
    </ClInclude>
    <ClInclude Include="AppSettings.h">
      <Filter>Header Files</Filter>
    </ClInclude>
    <ClInclude Include="BookmarkDlg.h">
      <Filter>Header Files</Filter>
    </ClInclude>
    <ClInclude Include="BookmarksView.h">
      <Filter>Header Files</Filter>
    </ClInclude>
    <ClInclude Include="DjVuDoc.h">
      <Filter>Header Files</Filter>
    </ClInclude>
    <ClInclude Include="DjVuSource.h">
      <Filter>Header Files</Filter>
    </ClInclude>
    <ClInclude Include="DjVuView.h">
      <Filter>Header Files</Filter>
    </ClInclude>
    <ClInclude Include="DocPropertiesDlg.h">
      <Filter>Header Files</Filter>
    </ClInclude>
    <ClInclude Include="Drawing.h">
      <Filter>Header Files</Filter>
    </ClInclude>
    <ClInclude Include="FindDlg.h">
      <Filter>Header Files</Filter>
    </ClInclude>
    <ClInclude Include="FullscreenWnd.h">
      <Filter>Header Files</Filter>
    </ClInclude>
    <ClInclude Include="Global.h">
      <Filter>Header Files</Filter>
    </ClInclude>
    <ClInclude Include="GotoPageDlg.h">
      <Filter>Header Files</Filter>
    </ClInclude>
    <ClInclude Include="InstallDicDlg.h">
      <Filter>Header Files</Filter>
    </ClInclude>
    <ClInclude Include="MagnifyWnd.h">
      <Filter>Header Files</Filter>
    </ClInclude>
    <ClInclude Include="MainFrm.h">
      <Filter>Header Files</Filter>
    </ClInclude>
    <ClInclude Include="MDIChild.h">
      <Filter>Header Files</Filter>
    </ClInclude>
    <ClInclude Include="MyBitmapButton.h">
      <Filter>Header Files</Filter>
    </ClInclude>
    <ClInclude Include="MyColorPicker.h">
      <Filter>Header Files</Filter>
    </ClInclude>
    <ClInclude Include="MyComboBox.h">
      <Filter>Header Files</Filter>
    </ClInclude>
    <ClInclude Include="MyDialog.h">
      <Filter>Header Files</Filter>
    </ClInclude>
    <ClInclude Include="MyDocManager.h">
      <Filter>Header Files</Filter>
    </ClInclude>
    <ClInclude Include="MyDocTemplate.h">
      <Filter>Header Files</Filter>
    </ClInclude>
    <ClInclude Include="MyEdit.h">
      <Filter>Header Files</Filter>
    </ClInclude>
    <ClInclude Include="MyFileDialog.h">
      <Filter>Header Files</Filter>
    </ClInclude>
    <ClInclude Include="MyGdiPlus.h">
      <Filter>Header Files</Filter>
    </ClInclude>
    <ClInclude Include="MyScrollView.h">
      <Filter>Header Files</Filter>
    </ClInclude>
    <ClInclude Include="MyStatusBar.h">
      <Filter>Header Files</Filter>
    </ClInclude>
    <ClInclude Include="MyToolBar.h">
      <Filter>Header Files</Filter>
    </ClInclude>
    <ClInclude Include="MyTreeView.h">
      <Filter>Header Files</Filter>
    </ClInclude>
    <ClInclude Include="NavPane.h">
      <Filter>Header Files</Filter>
    </ClInclude>
    <ClInclude Include="PageIndexWnd.h">
      <Filter>Header Files</Filter>
    </ClInclude>
    <ClInclude Include="PrintDlg.h">
      <Filter>Header Files</Filter>
    </ClInclude>
    <ClInclude Include="ProgressDlg.h">
      <Filter>Header Files</Filter>
    </ClInclude>
    <ClInclude Include="RenderThread.h">
      <Filter>Header Files</Filter>
    </ClInclude>
    <ClInclude Include="resource.h">
      <Filter>Header Files</Filter>
    </ClInclude>
    <ClInclude Include="Scaling.h">
      <Filter>Header Files</Filter>
    </ClInclude>
    <ClInclude Include="SearchResultsView.h">
      <Filter>Header Files</Filter>
    </ClInclude>
    <ClInclude Include="SettingsAdvancedPage.h">
      <Filter>Header Files</Filter>
    </ClInclude>
    <ClInclude Include="SettingsDictPage.h">
      <Filter>Header Files</Filter>
    </ClInclude>
    <ClInclude Include="SettingsDisplayPage.h">
      <Filter>Header Files</Filter>
    </ClInclude>
    <ClInclude Include="SettingsDlg.h">
      <Filter>Header Files</Filter>
    </ClInclude>
    <ClInclude Include="SettingsGeneralPage.h">
      <Filter>Header Files</Filter>
    </ClInclude>
    <ClInclude Include="stdafx.h">
      <Filter>Header Files</Filter>
    </ClInclude>
    <ClInclude Include="TabbedMDIWnd.h">
      <Filter>Header Files</Filter>
    </ClInclude>
    <ClInclude Include="ThumbnailsThread.h">
      <Filter>Header Files</Filter>
    </ClInclude>
    <ClInclude Include="ThumbnailsView.h">
      <Filter>Header Files</Filter>
    </ClInclude>
    <ClInclude Include="UpdateDlg.h">
      <Filter>Header Files</Filter>
    </ClInclude>
    <ClInclude Include="WinDjView.h">
      <Filter>Header Files</Filter>
    </ClInclude>
    <ClInclude Include="XMLParser.h">
      <Filter>Header Files</Filter>
    </ClInclude>
    <ClInclude Include="ZoomDlg.h">
      <Filter>Header Files</Filter>
    </ClInclude>
  </ItemGroup>
  <ItemGroup>
    <Image Include="res\bookmarks.bmp">
      <Filter>Resource Files</Filter>
    </Image>
    <Image Include="res\close.bmp">
      <Filter>Resource Files</Filter>
    </Image>
    <Image Include="res\close_tab.bmp">
      <Filter>Resource Files</Filter>
    </Image>
    <Image Include="res\dictbar.bmp">
      <Filter>Resource Files</Filter>
    </Image>
    <Image Include="res\dictbar_grayed.bmp">
      <Filter>Resource Files</Filter>
    </Image>
    <Image Include="res\DjVuDoc.ico">
      <Filter>Resource Files</Filter>
    </Image>
    <Image Include="res\donate.bmp">
      <Filter>Resource Files</Filter>
    </Image>
    <Image Include="res\hourglass.bmp">
      <Filter>Resource Files</Filter>
    </Image>
    <Image Include="res\pan_anchor.bmp">
      <Filter>Resource Files</Filter>
    </Image>
    <Image Include="res\settings.bmp">
      <Filter>Resource Files</Filter>
    </Image>
    <Image Include="res\Toolbar.bmp">
      <Filter>Resource Files</Filter>
    </Image>
    <Image Include="res\Toolbar_grayed.bmp">
      <Filter>Resource Files</Filter>
    </Image>
    <Image Include="res\WinDjView.ico">
      <Filter>Resource Files</Filter>
    </Image>
  </ItemGroup>
  <ItemGroup>
    <None Include="res\drag.cur">
      <Filter>Resource Files</Filter>
    </None>
    <None Include="res\hand.cur">
      <Filter>Resource Files</Filter>
    </None>
    <None Include="res\link.cur">
      <Filter>Resource Files</Filter>
    </None>
    <None Include="res\magnify.cur">
      <Filter>Resource Files</Filter>
    </None>
    <None Include="res\pan_all.cur">
      <Filter>Resource Files</Filter>
    </None>
    <None Include="res\pan_d.cur">
      <Filter>Resource Files</Filter>
    </None>
    <None Include="res\pan_dl.cur">
      <Filter>Resource Files</Filter>
    </None>
    <None Include="res\pan_dr.cur">
      <Filter>Resource Files</Filter>
    </None>
    <None Include="res\pan_l.cur">
      <Filter>Resource Files</Filter>
    </None>
    <None Include="res\pan_lr.cur">
      <Filter>Resource Files</Filter>
    </None>
    <None Include="res\pan_r.cur">
      <Filter>Resource Files</Filter>
    </None>
    <None Include="res\pan_u.cur">
      <Filter>Resource Files</Filter>
    </None>
    <None Include="res\pan_ud.cur">
      <Filter>Resource Files</Filter>
    </None>
    <None Include="res\pan_ul.cur">
      <Filter>Resource Files</Filter>
    </None>
    <None Include="res\pan_ur.cur">
      <Filter>Resource Files</Filter>
    </None>
    <None Include="res\split_h.cur">
      <Filter>Resource Files</Filter>
    </None>
    <None Include="res\WinDjView.rc2">
      <Filter>Resource Files</Filter>
    </None>
    <None Include="res\zoom_rect.cur">
      <Filter>Resource Files</Filter>
    </None>
  </ItemGroup>
  <ItemGroup>
    <Manifest Include="res\WinDjView.manifest">
      <Filter>Resource Files</Filter>
    </Manifest>
  </ItemGroup>
  <ItemGroup>
    <ResourceCompile Include="WinDjView.rc">
      <Filter>Resource Files</Filter>
    </ResourceCompile>
  </ItemGroup>
</Project>