Microsoft Visual Studio Solution File, Format Version 12.00
# Visual Studio 2013
VisualStudioVersion = 12.0.31101.0
MinimumVisualStudioVersion = 10.0.40219.1
Project("{8BC9CEB8-8B4A-11D0-8D11-00A0C91BC942}") = "WinDjView", "WinDjView.vcxproj", "{0352355C-CC2D-4190-8BF8-F280F7382B8C}"
EndProject
Project("{8BC9CEB8-8B4A-11D0-8D11-00A0C91BC942}") = "WinDjViewFR", "Languages\French\WinDjViewFR.vcxproj", "{ECF00175-3826-4B35-9C4B-560277505CE5}"
EndProject
Project("{8BC9CEB8-8B4A-11D0-8D11-00A0C91BC942}") = "WinDjViewHU", "Languages\Hungarian\WinDjViewHU.vcxproj", "{91141F17-EE60-45FE-B106-C458C00A9945}"
EndProject
Project("{8BC9CEB8-8B4A-11D0-8D11-00A0C91BC942}") = "WinDjViewPT", "Languages\Portuguese\WinDjViewPT.vcxproj", "{CDF44B0E-D5B9-4B74-9005-D6EA19420B83}"
EndProject
Project("{8BC9CEB8-8B4A-11D0-8D11-00A0C91BC942}") = "WinDjViewRU", "Languages\Russian\WinDjViewRU.vcxproj", "{1DD07ECA-099C-49C4-9E1C-33C6DE1D8FE0}"
EndProject
Project("{8BC9CEB8-8B4A-11D0-8D11-00A0C91BC942}") = "WinDjViewTT", "Languages\Tatarish\WinDjViewTT.vcxproj", "{CB04C5F9-BCE5-40B8-8CA5-35CA2F6690CA}"
EndProject
Project("{8BC9CEB8-8B4A-11D0-8D11-00A0C91BC942}") = "WinDjViewUA", "Languages\Ukrainian\WinDjViewUA.vcxproj", "{BA75E1E4-9272-481B-AF04-712FA08F9942}"
EndProject
Project("{8BC9CEB8-8B4A-11D0-8D11-00A0C91BC942}") = "WinDjViewZH_CN", "Languages\Chinese_Simplified\WinDjViewZH_CN.vcxproj", "{11C256BD-3CA8-4DE4-9F93-46B02D628E21}"
EndProject
Project("{8BC9CEB8-8B4A-11D0-8D11-00A0C91BC942}") = "WinDjViewGR", "Languages\Greek\WinDjViewGR.vcxproj", "{DB2F394C-CAC3-4962-9A9D-948FE9943BEC}"
EndProject
Project("{8BC9CEB8-8B4A-11D0-8D11-00A0C91BC942}") = "WinDjViewES", "Languages\Spanish\WinDjViewES.vcxproj", "{28ACA736-474E-4A39-B075-E20187327CEF}"
EndProject
Project("{8BC9CEB8-8B4A-11D0-8D11-00A0C91BC942}") = "WinDjView_wuu", "Languages\Chinese_Wu\WinDjView_wuu.vcxproj", "{D3DB682C-8A2E-4D5F-8C0A-427AD13ECC44}"
EndProject
Global
	GlobalSection(SolutionConfigurationPlatforms) = preSolution
		Debug|Win32 = Debug|Win32
		Debug|x64 = Debug|x64
		Release|Win32 = Release|Win32
		Release|x64 = Release|x64
	EndGlobalSection
	GlobalSection(ProjectConfigurationPlatforms) = postSolution
		{0352355C-CC2D-4190-8BF8-F280F7382B8C}.Debug|Win32.ActiveCfg = Debug|Win32
		{0352355C-CC2D-4190-8BF8-F280F7382B8C}.Debug|Win32.Build.0 = Debug|Win32
		{0352355C-CC2D-4190-8BF8-F280F7382B8C}.Debug|x64.ActiveCfg = Debug|x64
		{0352355C-CC2D-4190-8BF8-F280F7382B8C}.Debug|x64.Build.0 = Debug|x64
		{0352355C-CC2D-4190-8BF8-F280F7382B8C}.Release|Win32.ActiveCfg = Release|Win32
		{0352355C-CC2D-4190-8BF8-F280F7382B8C}.Release|Win32.Build.0 = Release|Win32
		{0352355C-CC2D-4190-8BF8-F280F7382B8C}.Release|x64.ActiveCfg = Release|x64
		{0352355C-CC2D-4190-8BF8-F280F7382B8C}.Release|x64.Build.0 = Release|x64
		{ECF00175-3826-4B35-9C4B-560277505CE5}.Debug|Win32.ActiveCfg = Release|Win32
		{ECF00175-3826-4B35-9C4B-560277505CE5}.Debug|Win32.Build.0 = Release|Win32
		{ECF00175-3826-4B35-9C4B-560277505CE5}.Debug|x64.ActiveCfg = Release|x64
		{ECF00175-3826-4B35-9C4B-560277505CE5}.Debug|x64.Build.0 = Release|x64
		{ECF00175-3826-4B35-9C4B-560277505CE5}.Release|Win32.ActiveCfg = Release|Win32
		{ECF00175-3826-4B35-9C4B-560277505CE5}.Release|Win32.Build.0 = Release|Win32
		{ECF00175-3826-4B35-9C4B-560277505CE5}.Release|x64.ActiveCfg = Release|x64
		{ECF00175-3826-4B35-9C4B-560277505CE5}.Release|x64.Build.0 = Release|x64
		{91141F17-EE60-45FE-B106-C458C00A9945}.Debug|Win32.ActiveCfg = Release|Win32
		{91141F17-EE60-45FE-B106-C458C00A9945}.Debug|Win32.Build.0 = Release|Win32
		{91141F17-EE60-45FE-B106-C458C00A9945}.Debug|x64.ActiveCfg = Release|x64
		{91141F17-EE60-45FE-B106-C458C00A9945}.Debug|x64.Build.0 = Release|x64
		{91141F17-EE60-45FE-B106-C458C00A9945}.Release|Win32.ActiveCfg = Release|Win32
		{91141F17-EE60-45FE-B106-C458C00A9945}.Release|Win32.Build.0 = Release|Win32
		{91141F17-EE60-45FE-B106-C458C00A9945}.Release|x64.ActiveCfg = Release|x64
		{91141F17-EE60-45FE-B106-C458C00A9945}.Release|x64.Build.0 = Release|x64
		{CDF44B0E-D5B9-4B74-9005-D6EA19420B83}.Debug|Win32.ActiveCfg = Release|Win32
		{CDF44B0E-D5B9-4B74-9005-D6EA19420B83}.Debug|Win32.Build.0 = Release|Win32
		{CDF44B0E-D5B9-4B74-9005-D6EA19420B83}.Debug|x64.ActiveCfg = Release|x64
		{CDF44B0E-D5B9-4B74-9005-D6EA19420B83}.Debug|x64.Build.0 = Release|x64
		{CDF44B0E-D5B9-4B74-9005-D6EA19420B83}.Release|Win32.ActiveCfg = Release|Win32
		{CDF44B0E-D5B9-4B74-9005-D6EA19420B83}.Release|Win32.Build.0 = Release|Win32
		{CDF44B0E-D5B9-4B74-9005-D6EA19420B83}.Release|x64.ActiveCfg = Release|x64
		{CDF44B0E-D5B9-4B74-9005-D6EA19420B83}.Release|x64.Build.0 = Release|x64
		{1DD07ECA-099C-49C4-9E1C-33C6DE1D8FE0}.Debug|Win32.ActiveCfg = Release|Win32
		{1DD07ECA-099C-49C4-9E1C-33C6DE1D8FE0}.Debug|Win32.Build.0 = Release|Win32
		{1DD07ECA-099C-49C4-9E1C-33C6DE1D8FE0}.Debug|x64.ActiveCfg = Release|x64
		{1DD07ECA-099C-49C4-9E1C-33C6DE1D8FE0}.Debug|x64.Build.0 = Release|x64
		{1DD07ECA-099C-49C4-9E1C-33C6DE1D8FE0}.Release|Win32.ActiveCfg = Release|Win32
		{1DD07ECA-099C-49C4-9E1C-33C6DE1D8FE0}.Release|Win32.Build.0 = Release|Win32
		{1DD07ECA-099C-49C4-9E1C-33C6DE1D8FE0}.Release|x64.ActiveCfg = Release|x64
		{1DD07ECA-099C-49C4-9E1C-33C6DE1D8FE0}.Release|x64.Build.0 = Release|x64
		{CB04C5F9-BCE5-40B8-8CA5-35CA2F6690CA}.Debug|Win32.ActiveCfg = Release|Win32
		{CB04C5F9-BCE5-40B8-8CA5-35CA2F6690CA}.Debug|Win32.Build.0 = Release|Win32
		{CB04C5F9-BCE5-40B8-8CA5-35CA2F6690CA}.Debug|x64.ActiveCfg = Release|x64
		{CB04C5F9-BCE5-40B8-8CA5-35CA2F6690CA}.Debug|x64.Build.0 = Release|x64
		{CB04C5F9-BCE5-40B8-8CA5-35CA2F6690CA}.Release|Win32.ActiveCfg = Release|Win32
		{CB04C5F9-BCE5-40B8-8CA5-35CA2F6690CA}.Release|Win32.Build.0 = Release|Win32
		{CB04C5F9-BCE5-40B8-8CA5-35CA2F6690CA}.Release|x64.ActiveCfg = Release|x64
		{CB04C5F9-BCE5-40B8-8CA5-35CA2F6690CA}.Release|x64.Build.0 = Release|x64
		{BA75E1E4-9272-481B-AF04-712FA08F9942}.Debug|Win32.ActiveCfg = Release|Win32
		{BA75E1E4-9272-481B-AF04-712FA08F9942}.Debug|Win32.Build.0 = Release|Win32
		{BA75E1E4-9272-481B-AF04-712FA08F9942}.Debug|x64.ActiveCfg = Release|x64
		{BA75E1E4-9272-481B-AF04-712FA08F9942}.Debug|x64.Build.0 = Release|x64
		{BA75E1E4-9272-481B-AF04-712FA08F9942}.Release|Win32.ActiveCfg = Release|Win32
		{BA75E1E4-9272-481B-AF04-712FA08F9942}.Release|Win32.Build.0 = Release|Win32
		{BA75E1E4-9272-481B-AF04-712FA08F9942}.Release|x64.ActiveCfg = Release|x64
		{BA75E1E4-9272-481B-AF04-712FA08F9942}.Release|x64.Build.0 = Release|x64
		{11C256BD-3CA8-4DE4-9F93-46B02D628E21}.Debug|Win32.ActiveCfg = Release|Win32
		{11C256BD-3CA8-4DE4-9F93-46B02D628E21}.Debug|Win32.Build.0 = Release|Win32
		{11C256BD-3CA8-4DE4-9F93-46B02D628E21}.Debug|x64.ActiveCfg = Release|x64
		{11C256BD-3CA8-4DE4-9F93-46B02D628E21}.Debug|x64.Build.0 = Release|x64
		{11C256BD-3CA8-4DE4-9F93-46B02D628E21}.Release|Win32.ActiveCfg = Release|Win32
		{11C256BD-3CA8-4DE4-9F93-46B02D628E21}.Release|Win32.Build.0 = Release|Win32
		{11C256BD-3CA8-4DE4-9F93-46B02D628E21}.Release|x64.ActiveCfg = Release|x64
		{11C256BD-3CA8-4DE4-9F93-46B02D628E21}.Release|x64.Build.0 = Release|x64
		{DB2F394C-CAC3-4962-9A9D-948FE9943BEC}.Debug|Win32.ActiveCfg = Release|Win32
		{DB2F394C-CAC3-4962-9A9D-948FE9943BEC}.Debug|Win32.Build.0 = Release|Win32
		{DB2F394C-CAC3-4962-9A9D-948FE9943BEC}.Debug|x64.ActiveCfg = Release|x64
		{DB2F394C-CAC3-4962-9A9D-948FE9943BEC}.Debug|x64.Build.0 = Release|x64
		{DB2F394C-CAC3-4962-9A9D-948FE9943BEC}.Release|Win32.ActiveCfg = Release|Win32
		{DB2F394C-CAC3-4962-9A9D-948FE9943BEC}.Release|Win32.Build.0 = Release|Win32
		{DB2F394C-CAC3-4962-9A9D-948FE9943BEC}.Release|x64.ActiveCfg = Release|x64
		{DB2F394C-CAC3-4962-9A9D-948FE9943BEC}.Release|x64.Build.0 = Release|x64
		{28ACA736-474E-4A39-B075-E20187327CEF}.Debug|Win32.ActiveCfg = Release|Win32
		{28ACA736-474E-4A39-B075-E20187327CEF}.Debug|Win32.Build.0 = Release|Win32
		{28ACA736-474E-4A39-B075-E20187327CEF}.Debug|x64.ActiveCfg = Release|x64
		{28ACA736-474E-4A39-B075-E20187327CEF}.Debug|x64.Build.0 = Release|x64
		{28ACA736-474E-4A39-B075-E20187327CEF}.Release|Win32.ActiveCfg = Release|Win32
		{28ACA736-474E-4A39-B075-E20187327CEF}.Release|Win32.Build.0 = Release|Win32
		{28ACA736-474E-4A39-B075-E20187327CEF}.Release|x64.ActiveCfg = Release|x64
		{28ACA736-474E-4A39-B075-E20187327CEF}.Release|x64.Build.0 = Release|x64
		{D3DB682C-8A2E-4D5F-8C0A-427AD13ECC44}.Debug|Win32.ActiveCfg = Release|Win32
		{D3DB682C-8A2E-4D5F-8C0A-427AD13ECC44}.Debug|Win32.Build.0 = Release|Win32
		{D3DB682C-8A2E-4D5F-8C0A-427AD13ECC44}.Debug|x64.ActiveCfg = Release|x64
		{D3DB682C-8A2E-4D5F-8C0A-427AD13ECC44}.Debug|x64.Build.0 = Release|x64
		{D3DB682C-8A2E-4D5F-8C0A-427AD13ECC44}.Release|Win32.ActiveCfg = Release|Win32
		{D3DB682C-8A2E-4D5F-8C0A-427AD13ECC44}.Release|Win32.Build.0 = Release|Win32
		{D3DB682C-8A2E-4D5F-8C0A-427AD13ECC44}.Release|x64.ActiveCfg = Release|x64
		{D3DB682C-8A2E-4D5F-8C0A-427AD13ECC44}.Release|x64.Build.0 = Release|x64
	EndGlobalSection
	GlobalSection(SolutionProperties) = preSolution
		HideSolutionNode = FALSE
	EndGlobalSection
EndGlobal
