<?xml version="1.0" encoding="utf-8"?>
<Project ToolsVersion="4.0" xmlns="http://schemas.microsoft.com/developer/msbuild/2003">
  <ItemGroup>
    <Filter Include="Source Files">
      <UniqueIdentifier>{4FC737F1-C7A5-4376-A066-2A32D752A2FF}</UniqueIdentifier>
      <Extensions>cpp;c;cc;cxx;def;odl;idl;hpj;bat;asm;asmx</Extensions>
    </Filter>
    <Filter Include="Header Files">
      <UniqueIdentifier>{93995380-89BD-4b04-88EB-625FBE52EBFB}</UniqueIdentifier>
      <Extensions>h;hh;hpp;hxx;hm;inl;inc;xsd</Extensions>
    </Filter>
    <Filter Include="Resource Files">
      <UniqueIdentifier>{67DA6AB6-F800-4c08-8B7A-83BB121AAD01}</UniqueIdentifier>
      <Extensions>rc;ico;cur;bmp;dlg;rc2;rct;bin;rgs;gif;jpg;jpeg;jpe;resx;tiff;tif;png;wav;mfcribbon-ms</Extensions>
    </Filter>
  </ItemGroup>
  <ItemGroup>
    <ClCompile Include="Arrays.cpp">
      <Filter>Source Files</Filter>
    </ClCompile>
    <ClCompile Include="atomic.cpp">
      <Filter>Source Files</Filter>
    </ClCompile>
    <ClCompile Include="BSByteStream.cpp">
      <Filter>Source Files</Filter>
    </ClCompile>
    <ClCompile Include="BSEncodeByteStream.cpp">
      <Filter>Source Files</Filter>
    </ClCompile>
    <ClCompile Include="ByteStream.cpp">
      <Filter>Source Files</Filter>
    </ClCompile>
    <ClCompile Include="DataPool.cpp">
      <Filter>Source Files</Filter>
    </ClCompile>
    <ClCompile Include="debug.cpp">
      <Filter>Source Files</Filter>
    </ClCompile>
    <ClCompile Include="DjVmDir.cpp">
      <Filter>Source Files</Filter>
    </ClCompile>
    <ClCompile Include="DjVmDir0.cpp">
      <Filter>Source Files</Filter>
    </ClCompile>
    <ClCompile Include="DjVmDoc.cpp">
      <Filter>Source Files</Filter>
    </ClCompile>
    <ClCompile Include="DjVmNav.cpp">
      <Filter>Source Files</Filter>
    </ClCompile>
    <ClCompile Include="DjVuAnno.cpp">
      <Filter>Source Files</Filter>
    </ClCompile>
    <ClCompile Include="DjVuDocEditor.cpp">
      <Filter>Source Files</Filter>
    </ClCompile>
    <ClCompile Include="DjVuDocument.cpp">
      <Filter>Source Files</Filter>
    </ClCompile>
    <ClCompile Include="DjVuDumpHelper.cpp">
      <Filter>Source Files</Filter>
    </ClCompile>
    <ClCompile Include="DjVuErrorList.cpp">
      <Filter>Source Files</Filter>
    </ClCompile>
    <ClCompile Include="DjVuFile.cpp">
      <Filter>Source Files</Filter>
    </ClCompile>
    <ClCompile Include="DjVuFileCache.cpp">
      <Filter>Source Files</Filter>
    </ClCompile>
    <ClCompile Include="DjVuGlobal.cpp">
      <Filter>Source Files</Filter>
    </ClCompile>
    <ClCompile Include="DjVuGlobalMemory.cpp">
      <Filter>Source Files</Filter>
    </ClCompile>
    <ClCompile Include="DjVuImage.cpp">
      <Filter>Source Files</Filter>
    </ClCompile>
    <ClCompile Include="DjVuInfo.cpp">
      <Filter>Source Files</Filter>
    </ClCompile>
    <ClCompile Include="DjVuMessage.cpp">
      <Filter>Source Files</Filter>
    </ClCompile>
    <ClCompile Include="DjVuMessageLite.cpp">
      <Filter>Source Files</Filter>
    </ClCompile>
    <ClCompile Include="DjVuNavDir.cpp">
      <Filter>Source Files</Filter>
    </ClCompile>
    <ClCompile Include="DjVuPalette.cpp">
      <Filter>Source Files</Filter>
    </ClCompile>
    <ClCompile Include="DjVuPort.cpp">
      <Filter>Source Files</Filter>
    </ClCompile>
    <ClCompile Include="DjVuText.cpp">
      <Filter>Source Files</Filter>
    </ClCompile>
    <ClCompile Include="DjVuToPS.cpp">
      <Filter>Source Files</Filter>
    </ClCompile>
    <ClCompile Include="GBitmap.cpp">
      <Filter>Source Files</Filter>
    </ClCompile>
    <ClCompile Include="GContainer.cpp">
      <Filter>Source Files</Filter>
    </ClCompile>
    <ClCompile Include="GException.cpp">
      <Filter>Source Files</Filter>
    </ClCompile>
    <ClCompile Include="GIFFManager.cpp">
      <Filter>Source Files</Filter>
    </ClCompile>
    <ClCompile Include="GMapAreas.cpp">
      <Filter>Source Files</Filter>
    </ClCompile>
    <ClCompile Include="GOS.cpp">
      <Filter>Source Files</Filter>
    </ClCompile>
    <ClCompile Include="GPixmap.cpp">
      <Filter>Source Files</Filter>
    </ClCompile>
    <ClCompile Include="GRect.cpp">
      <Filter>Source Files</Filter>
    </ClCompile>
    <ClCompile Include="GScaler.cpp">
      <Filter>Source Files</Filter>
    </ClCompile>
    <ClCompile Include="GSmartPointer.cpp">
      <Filter>Source Files</Filter>
    </ClCompile>
    <ClCompile Include="GString.cpp">
      <Filter>Source Files</Filter>
    </ClCompile>
    <ClCompile Include="GThreads.cpp">
      <Filter>Source Files</Filter>
    </ClCompile>
    <ClCompile Include="GUnicode.cpp">
      <Filter>Source Files</Filter>
    </ClCompile>
    <ClCompile Include="GURL.cpp">
      <Filter>Source Files</Filter>
    </ClCompile>
    <ClCompile Include="IFFByteStream.cpp">
      <Filter>Source Files</Filter>
    </ClCompile>
    <ClCompile Include="IW44EncodeCodec.cpp">
      <Filter>Source Files</Filter>
    </ClCompile>
    <ClCompile Include="IW44Image.cpp">
      <Filter>Source Files</Filter>
    </ClCompile>
    <ClCompile Include="JB2EncodeCodec.cpp">
      <Filter>Source Files</Filter>
    </ClCompile>
    <ClCompile Include="JB2Image.cpp">
      <Filter>Source Files</Filter>
    </ClCompile>
    <ClCompile Include="JPEGDecoder.cpp">
      <Filter>Source Files</Filter>
    </ClCompile>
    <ClCompile Include="MMRDecoder.cpp">
      <Filter>Source Files</Filter>
    </ClCompile>
    <ClCompile Include="MMX.cpp">
      <Filter>Source Files</Filter>
    </ClCompile>
    <ClCompile Include="UnicodeByteStream.cpp">
      <Filter>Source Files</Filter>
    </ClCompile>
    <ClCompile Include="XMLParser.cpp">
      <Filter>Source Files</Filter>
    </ClCompile>
    <ClCompile Include="XMLTags.cpp">
      <Filter>Source Files</Filter>
    </ClCompile>
    <ClCompile Include="ZPCodec.cpp">
      <Filter>Source Files</Filter>
    </ClCompile>
  </ItemGroup>
  <ItemGroup>
    <ClInclude Include="Arrays.h">
      <Filter>Header Files</Filter>
    </ClInclude>
    <ClInclude Include="atomic.h">
      <Filter>Header Files</Filter>
    </ClInclude>
    <ClInclude Include="BSByteStream.h">
      <Filter>Header Files</Filter>
    </ClInclude>
    <ClInclude Include="ByteStream.h">
      <Filter>Header Files</Filter>
    </ClInclude>
    <ClInclude Include="DataPool.h">
      <Filter>Header Files</Filter>
    </ClInclude>
    <ClInclude Include="debug.h">
      <Filter>Header Files</Filter>
    </ClInclude>
    <ClInclude Include="DjVmDir.h">
      <Filter>Header Files</Filter>
    </ClInclude>
    <ClInclude Include="DjVmDir0.h">
      <Filter>Header Files</Filter>
    </ClInclude>
    <ClInclude Include="DjVmDoc.h">
      <Filter>Header Files</Filter>
    </ClInclude>
    <ClInclude Include="DjVmNav.h">
      <Filter>Header Files</Filter>
    </ClInclude>
    <ClInclude Include="DjVuAnno.h">
      <Filter>Header Files</Filter>
    </ClInclude>
    <ClInclude Include="DjVuDocEditor.h">
      <Filter>Header Files</Filter>
    </ClInclude>
    <ClInclude Include="DjVuDocument.h">
      <Filter>Header Files</Filter>
    </ClInclude>
    <ClInclude Include="DjVuDumpHelper.h">
      <Filter>Header Files</Filter>
    </ClInclude>
    <ClInclude Include="DjVuErrorList.h">
      <Filter>Header Files</Filter>
    </ClInclude>
    <ClInclude Include="DjVuFile.h">
      <Filter>Header Files</Filter>
    </ClInclude>
    <ClInclude Include="DjVuFileCache.h">
      <Filter>Header Files</Filter>
    </ClInclude>
    <ClInclude Include="DjVuGlobal.h">
      <Filter>Header Files</Filter>
    </ClInclude>
    <ClInclude Include="DjVuImage.h">
      <Filter>Header Files</Filter>
    </ClInclude>
    <ClInclude Include="DjVuInfo.h">
      <Filter>Header Files</Filter>
    </ClInclude>
    <ClInclude Include="DjVuMessage.h">
      <Filter>Header Files</Filter>
    </ClInclude>
    <ClInclude Include="DjVuMessageLite.h">
      <Filter>Header Files</Filter>
    </ClInclude>
    <ClInclude Include="DjVuNavDir.h">
      <Filter>Header Files</Filter>
    </ClInclude>
    <ClInclude Include="DjVuPalette.h">
      <Filter>Header Files</Filter>
    </ClInclude>
    <ClInclude Include="DjVuPort.h">
      <Filter>Header Files</Filter>
    </ClInclude>
    <ClInclude Include="DjVuText.h">
      <Filter>Header Files</Filter>
    </ClInclude>
    <ClInclude Include="DjVuToPS.h">
      <Filter>Header Files</Filter>
    </ClInclude>
    <ClInclude Include="GBitmap.h">
      <Filter>Header Files</Filter>
    </ClInclude>
    <ClInclude Include="GContainer.h">
      <Filter>Header Files</Filter>
    </ClInclude>
    <ClInclude Include="GException.h">
      <Filter>Header Files</Filter>
    </ClInclude>
    <ClInclude Include="GIFFManager.h">
      <Filter>Header Files</Filter>
    </ClInclude>
    <ClInclude Include="GMapAreas.h">
      <Filter>Header Files</Filter>
    </ClInclude>
    <ClInclude Include="GOS.h">
      <Filter>Header Files</Filter>
    </ClInclude>
    <ClInclude Include="GPixmap.h">
      <Filter>Header Files</Filter>
    </ClInclude>
    <ClInclude Include="GRect.h">
      <Filter>Header Files</Filter>
    </ClInclude>
    <ClInclude Include="GScaler.h">
      <Filter>Header Files</Filter>
    </ClInclude>
    <ClInclude Include="GSmartPointer.h">
      <Filter>Header Files</Filter>
    </ClInclude>
    <ClInclude Include="GString.h">
      <Filter>Header Files</Filter>
    </ClInclude>
    <ClInclude Include="GThreads.h">
      <Filter>Header Files</Filter>
    </ClInclude>
    <ClInclude Include="GURL.h">
      <Filter>Header Files</Filter>
    </ClInclude>
    <ClInclude Include="IFFByteStream.h">
      <Filter>Header Files</Filter>
    </ClInclude>
    <ClInclude Include="IW44Image.h">
      <Filter>Header Files</Filter>
    </ClInclude>
    <ClInclude Include="JB2Image.h">
      <Filter>Header Files</Filter>
    </ClInclude>
    <ClInclude Include="JPEGDecoder.h">
      <Filter>Header Files</Filter>
    </ClInclude>
    <ClInclude Include="MMRDecoder.h">
      <Filter>Header Files</Filter>
    </ClInclude>
    <ClInclude Include="MMX.h">
      <Filter>Header Files</Filter>
    </ClInclude>
    <ClInclude Include="UnicodeByteStream.h">
      <Filter>Header Files</Filter>
    </ClInclude>
    <ClInclude Include="XMLParser.h">
      <Filter>Header Files</Filter>
    </ClInclude>
    <ClInclude Include="XMLTags.h">
      <Filter>Header Files</Filter>
    </ClInclude>
    <ClInclude Include="ZPCodec.h">
      <Filter>Header Files</Filter>
    </ClInclude>
  </ItemGroup>
</Project>